
Microsoft Visual Studio Solution File, Format Version 12.00
# Visual Studio 14
VisualStudioVersion = 14.0.24720.0
MinimumVisualStudioVersion = 10.0.40219.1
Project("{8BC9CEB8-8B4A-11D0-8D11-00A0C91BC942}") = "MsgServer", "MsgServer\MsgServer.vcxproj", "{DDD0F276-CFCF-4D2C-ABE0-0FCADEDC4E55}"
EndProject
Project("{8BC9CEB8-8B4A-11D0-8D11-00A0C91BC942}") = "MsgClient", "MsgClient\MsgClient.vcxproj", "{86C0AC06-2141-44AA-860E-51575230FAF2}"
EndProject
Project("{8BC9CEB8-8B4A-11D0-8D11-00A0C91BC942}") = "HttpMessage", "HttpMessage\HttpMessage.vcxproj", "{3145A0F7-CEED-4551-A9F6-74AA9189BAAD}"
EndProject
Global
	GlobalSection(SolutionConfigurationPlatforms) = preSolution
		Debug|x64 = Debug|x64
		Debug|x86 = Debug|x86
		Release|x64 = Release|x64
		Release|x86 = Release|x86
	EndGlobalSection
	GlobalSection(ProjectConfigurationPlatforms) = postSolution
		{DDD0F276-CFCF-4D2C-ABE0-0FCADEDC4E55}.Debug|x64.ActiveCfg = Debug|x64
		{DDD0F276-CFCF-4D2C-ABE0-0FCADEDC4E55}.Debug|x64.Build.0 = Debug|x64
		{DDD0F276-CFCF-4D2C-ABE0-0FCADEDC4E55}.Debug|x86.ActiveCfg = Debug|Win32
		{DDD0F276-CFCF-4D2C-ABE0-0FCADEDC4E55}.Debug|x86.Build.0 = Debug|Win32
		{DDD0F276-CFCF-4D2C-ABE0-0FCADEDC4E55}.Release|x64.ActiveCfg = Release|x64
		{DDD0F276-CFCF-4D2C-ABE0-0FCADEDC4E55}.Release|x64.Build.0 = Release|x64
		{DDD0F276-CFCF-4D2C-ABE0-0FCADEDC4E55}.Release|x86.ActiveCfg = Release|Win32
		{DDD0F276-CFCF-4D2C-ABE0-0FCADEDC4E55}.Release|x86.Build.0 = Release|Win32
		{86C0AC06-2141-44AA-860E-51575230FAF2}.Debug|x64.ActiveCfg = Debug|x64
		{86C0AC06-2141-44AA-860E-51575230FAF2}.Debug|x64.Build.0 = Debug|x64
		{86C0AC06-2141-44AA-860E-51575230FAF2}.Debug|x86.ActiveCfg = Debug|Win32
		{86C0AC06-2141-44AA-860E-51575230FAF2}.Debug|x86.Build.0 = Debug|Win32
		{86C0AC06-2141-44AA-860E-51575230FAF2}.Release|x64.ActiveCfg = Release|x64
		{86C0AC06-2141-44AA-860E-51575230FAF2}.Release|x64.Build.0 = Release|x64
		{86C0AC06-2141-44AA-860E-51575230FAF2}.Release|x86.ActiveCfg = Release|Win32
		{86C0AC06-2141-44AA-860E-51575230FAF2}.Release|x86.Build.0 = Release|Win32
		{3145A0F7-CEED-4551-A9F6-74AA9189BAAD}.Debug|x64.ActiveCfg = Debug|x64
		{3145A0F7-CEED-4551-A9F6-74AA9189BAAD}.Debug|x64.Build.0 = Debug|x64
		{3145A0F7-CEED-4551-A9F6-74AA9189BAAD}.Debug|x86.ActiveCfg = Debug|Win32
		{3145A0F7-CEED-4551-A9F6-74AA9189BAAD}.Debug|x86.Build.0 = Debug|Win32
		{3145A0F7-CEED-4551-A9F6-74AA9189BAAD}.Release|x64.ActiveCfg = Release|x64
		{3145A0F7-CEED-4551-A9F6-74AA9189BAAD}.Release|x64.Build.0 = Release|x64
		{3145A0F7-CEED-4551-A9F6-74AA9189BAAD}.Release|x86.ActiveCfg = Release|Win32
		{3145A0F7-CEED-4551-A9F6-74AA9189BAAD}.Release|x86.Build.0 = Release|Win32
	EndGlobalSection
	GlobalSection(SolutionProperties) = preSolution
		HideSolutionNode = FALSE
	EndGlobalSection
EndGlobal
