
Microsoft Visual Studio Solution File, Format Version 12.00
# Visual Studio 14
VisualStudioVersion = 14.0.24720.0
MinimumVisualStudioVersion = 10.0.40219.1
Project("{8BC9CEB8-8B4A-11D0-8D11-00A0C91BC942}") = "Parser", "Parser\Parser.vcxproj", "{77BE9964-7862-4D05-AFF0-B42718AAE386}"
EndProject
Project("{8BC9CEB8-8B4A-11D0-8D11-00A0C91BC942}") = "ScopeStack", "ScopeStack\ScopeStack.vcxproj", "{0AE7CD6E-0797-422E-8DB9-407E517624A5}"
EndProject
Project("{8BC9CEB8-8B4A-11D0-8D11-00A0C91BC942}") = "SemiExp", "SemiExp\SemiExp.vcxproj", "{C1131546-C8AE-4A24-A866-4A28DFDB72B9}"
EndProject
Project("{8BC9CEB8-8B4A-11D0-8D11-00A0C91BC942}") = "Tokenizer", "Tokenizer\Tokenizer.vcxproj", "{FD63AD3D-4A25-4F5C-BD43-1E19192357F2}"
EndProject
Project("{8BC9CEB8-8B4A-11D0-8D11-00A0C91BC942}") = "Task", "Task\Task.vcxproj", "{F50FF6B9-68B6-4F23-8AE9-91F4F71CBAD2}"
EndProject
Project("{8BC9CEB8-8B4A-11D0-8D11-00A0C91BC942}") = "ThreadPool", "ThreadPool\ThreadPool.vcxproj", "{919CAD10-DF94-4556-922F-D7E8F0F3C245}"
EndProject
Project("{8BC9CEB8-8B4A-11D0-8D11-00A0C91BC942}") = "Utilities", "Utilities\Utilities.vcxproj", "{462B43B2-8B13-4178-BF2A-903F76F1985C}"
EndProject
Project("{8BC9CEB8-8B4A-11D0-8D11-00A0C91BC942}") = "TypeAnalysis", "TypeAnalysis\TypeAnalysis.vcxproj", "{04BD0959-4AD5-460E-B2C7-43D0AD2B60A6}"
EndProject
Project("{8BC9CEB8-8B4A-11D0-8D11-00A0C91BC942}") = "FileMgr", "FileMgr\FileMgr.vcxproj", "{5C2D1D58-60FC-4AC3-960A-A416ADFF6535}"
EndProject
Project("{8BC9CEB8-8B4A-11D0-8D11-00A0C91BC942}") = "DependencyAnalysis", "DependencyAnalysis\DependencyAnalysis.vcxproj", "{E3C62FE1-1840-46CD-B2EE-DC58ED173473}"
EndProject
Project("{8BC9CEB8-8B4A-11D0-8D11-00A0C91BC942}") = "ParallelDependencyAnalysis", "ParallelDependencyAnalysis\ParallelDependencyAnalysis.vcxproj", "{F2F287D4-525C-44B2-AF98-474E7A6101A6}"
EndProject
Global
	GlobalSection(SolutionConfigurationPlatforms) = preSolution
		Debug|x64 = Debug|x64
		Debug|x86 = Debug|x86
		Release|x64 = Release|x64
		Release|x86 = Release|x86
	EndGlobalSection
	GlobalSection(ProjectConfigurationPlatforms) = postSolution
		{77BE9964-7862-4D05-AFF0-B42718AAE386}.Debug|x64.ActiveCfg = Debug|x64
		{77BE9964-7862-4D05-AFF0-B42718AAE386}.Debug|x64.Build.0 = Debug|x64
		{77BE9964-7862-4D05-AFF0-B42718AAE386}.Debug|x86.ActiveCfg = Debug|Win32
		{77BE9964-7862-4D05-AFF0-B42718AAE386}.Debug|x86.Build.0 = Debug|Win32
		{77BE9964-7862-4D05-AFF0-B42718AAE386}.Release|x64.ActiveCfg = Release|x64
		{77BE9964-7862-4D05-AFF0-B42718AAE386}.Release|x64.Build.0 = Release|x64
		{77BE9964-7862-4D05-AFF0-B42718AAE386}.Release|x86.ActiveCfg = Release|Win32
		{77BE9964-7862-4D05-AFF0-B42718AAE386}.Release|x86.Build.0 = Release|Win32
		{0AE7CD6E-0797-422E-8DB9-407E517624A5}.Debug|x64.ActiveCfg = Debug|x64
		{0AE7CD6E-0797-422E-8DB9-407E517624A5}.Debug|x64.Build.0 = Debug|x64
		{0AE7CD6E-0797-422E-8DB9-407E517624A5}.Debug|x86.ActiveCfg = Debug|Win32
		{0AE7CD6E-0797-422E-8DB9-407E517624A5}.Debug|x86.Build.0 = Debug|Win32
		{0AE7CD6E-0797-422E-8DB9-407E517624A5}.Release|x64.ActiveCfg = Release|x64
		{0AE7CD6E-0797-422E-8DB9-407E517624A5}.Release|x64.Build.0 = Release|x64
		{0AE7CD6E-0797-422E-8DB9-407E517624A5}.Release|x86.ActiveCfg = Release|Win32
		{0AE7CD6E-0797-422E-8DB9-407E517624A5}.Release|x86.Build.0 = Release|Win32
		{C1131546-C8AE-4A24-A866-4A28DFDB72B9}.Debug|x64.ActiveCfg = Debug|x64
		{C1131546-C8AE-4A24-A866-4A28DFDB72B9}.Debug|x64.Build.0 = Debug|x64
		{C1131546-C8AE-4A24-A866-4A28DFDB72B9}.Debug|x86.ActiveCfg = Debug|Win32
		{C1131546-C8AE-4A24-A866-4A28DFDB72B9}.Debug|x86.Build.0 = Debug|Win32
		{C1131546-C8AE-4A24-A866-4A28DFDB72B9}.Release|x64.ActiveCfg = Release|x64
		{C1131546-C8AE-4A24-A866-4A28DFDB72B9}.Release|x64.Build.0 = Release|x64
		{C1131546-C8AE-4A24-A866-4A28DFDB72B9}.Release|x86.ActiveCfg = Release|Win32
		{C1131546-C8AE-4A24-A866-4A28DFDB72B9}.Release|x86.Build.0 = Release|Win32
		{FD63AD3D-4A25-4F5C-BD43-1E19192357F2}.Debug|x64.ActiveCfg = Debug|Win32
		{FD63AD3D-4A25-4F5C-BD43-1E19192357F2}.Debug|x86.ActiveCfg = Debug|Win32
		{FD63AD3D-4A25-4F5C-BD43-1E19192357F2}.Debug|x86.Build.0 = Debug|Win32
		{FD63AD3D-4A25-4F5C-BD43-1E19192357F2}.Release|x64.ActiveCfg = Release|Win32
		{FD63AD3D-4A25-4F5C-BD43-1E19192357F2}.Release|x86.ActiveCfg = Release|Win32
		{FD63AD3D-4A25-4F5C-BD43-1E19192357F2}.Release|x86.Build.0 = Release|Win32
		{F50FF6B9-68B6-4F23-8AE9-91F4F71CBAD2}.Debug|x64.ActiveCfg = Debug|x64
		{F50FF6B9-68B6-4F23-8AE9-91F4F71CBAD2}.Debug|x64.Build.0 = Debug|x64
		{F50FF6B9-68B6-4F23-8AE9-91F4F71CBAD2}.Debug|x86.ActiveCfg = Debug|Win32
		{F50FF6B9-68B6-4F23-8AE9-91F4F71CBAD2}.Debug|x86.Build.0 = Debug|Win32
		{F50FF6B9-68B6-4F23-8AE9-91F4F71CBAD2}.Release|x64.ActiveCfg = Release|x64
		{F50FF6B9-68B6-4F23-8AE9-91F4F71CBAD2}.Release|x64.Build.0 = Release|x64
		{F50FF6B9-68B6-4F23-8AE9-91F4F71CBAD2}.Release|x86.ActiveCfg = Release|Win32
		{F50FF6B9-68B6-4F23-8AE9-91F4F71CBAD2}.Release|x86.Build.0 = Release|Win32
		{919CAD10-DF94-4556-922F-D7E8F0F3C245}.Debug|x64.ActiveCfg = Debug|x64
		{919CAD10-DF94-4556-922F-D7E8F0F3C245}.Debug|x64.Build.0 = Debug|x64
		{919CAD10-DF94-4556-922F-D7E8F0F3C245}.Debug|x86.ActiveCfg = Debug|Win32
		{919CAD10-DF94-4556-922F-D7E8F0F3C245}.Debug|x86.Build.0 = Debug|Win32
		{919CAD10-DF94-4556-922F-D7E8F0F3C245}.Release|x64.ActiveCfg = Release|x64
		{919CAD10-DF94-4556-922F-D7E8F0F3C245}.Release|x64.Build.0 = Release|x64
		{919CAD10-DF94-4556-922F-D7E8F0F3C245}.Release|x86.ActiveCfg = Release|Win32
		{919CAD10-DF94-4556-922F-D7E8F0F3C245}.Release|x86.Build.0 = Release|Win32
		{462B43B2-8B13-4178-BF2A-903F76F1985C}.Debug|x64.ActiveCfg = Debug|x64
		{462B43B2-8B13-4178-BF2A-903F76F1985C}.Debug|x64.Build.0 = Debug|x64
		{462B43B2-8B13-4178-BF2A-903F76F1985C}.Debug|x86.ActiveCfg = Debug|Win32
		{462B43B2-8B13-4178-BF2A-903F76F1985C}.Debug|x86.Build.0 = Debug|Win32
		{462B43B2-8B13-4178-BF2A-903F76F1985C}.Release|x64.ActiveCfg = Release|x64
		{462B43B2-8B13-4178-BF2A-903F76F1985C}.Release|x64.Build.0 = Release|x64
		{462B43B2-8B13-4178-BF2A-903F76F1985C}.Release|x86.ActiveCfg = Release|Win32
		{462B43B2-8B13-4178-BF2A-903F76F1985C}.Release|x86.Build.0 = Release|Win32
		{04BD0959-4AD5-460E-B2C7-43D0AD2B60A6}.Debug|x64.ActiveCfg = Debug|x64
		{04BD0959-4AD5-460E-B2C7-43D0AD2B60A6}.Debug|x64.Build.0 = Debug|x64
		{04BD0959-4AD5-460E-B2C7-43D0AD2B60A6}.Debug|x86.ActiveCfg = Debug|Win32
		{04BD0959-4AD5-460E-B2C7-43D0AD2B60A6}.Debug|x86.Build.0 = Debug|Win32
		{04BD0959-4AD5-460E-B2C7-43D0AD2B60A6}.Release|x64.ActiveCfg = Release|x64
		{04BD0959-4AD5-460E-B2C7-43D0AD2B60A6}.Release|x64.Build.0 = Release|x64
		{04BD0959-4AD5-460E-B2C7-43D0AD2B60A6}.Release|x86.ActiveCfg = Release|Win32
		{04BD0959-4AD5-460E-B2C7-43D0AD2B60A6}.Release|x86.Build.0 = Release|Win32
		{5C2D1D58-60FC-4AC3-960A-A416ADFF6535}.Debug|x64.ActiveCfg = Debug|x64
		{5C2D1D58-60FC-4AC3-960A-A416ADFF6535}.Debug|x64.Build.0 = Debug|x64
		{5C2D1D58-60FC-4AC3-960A-A416ADFF6535}.Debug|x86.ActiveCfg = Debug|Win32
		{5C2D1D58-60FC-4AC3-960A-A416ADFF6535}.Debug|x86.Build.0 = Debug|Win32
		{5C2D1D58-60FC-4AC3-960A-A416ADFF6535}.Release|x64.ActiveCfg = Release|x64
		{5C2D1D58-60FC-4AC3-960A-A416ADFF6535}.Release|x64.Build.0 = Release|x64
		{5C2D1D58-60FC-4AC3-960A-A416ADFF6535}.Release|x86.ActiveCfg = Release|Win32
		{5C2D1D58-60FC-4AC3-960A-A416ADFF6535}.Release|x86.Build.0 = Release|Win32
		{E3C62FE1-1840-46CD-B2EE-DC58ED173473}.Debug|x64.ActiveCfg = Debug|x64
		{E3C62FE1-1840-46CD-B2EE-DC58ED173473}.Debug|x64.Build.0 = Debug|x64
		{E3C62FE1-1840-46CD-B2EE-DC58ED173473}.Debug|x86.ActiveCfg = Debug|Win32
		{E3C62FE1-1840-46CD-B2EE-DC58ED173473}.Debug|x86.Build.0 = Debug|Win32
		{E3C62FE1-1840-46CD-B2EE-DC58ED173473}.Release|x64.ActiveCfg = Release|x64
		{E3C62FE1-1840-46CD-B2EE-DC58ED173473}.Release|x64.Build.0 = Release|x64
		{E3C62FE1-1840-46CD-B2EE-DC58ED173473}.Release|x86.ActiveCfg = Release|Win32
		{E3C62FE1-1840-46CD-B2EE-DC58ED173473}.Release|x86.Build.0 = Release|Win32
		{F2F287D4-525C-44B2-AF98-474E7A6101A6}.Debug|x64.ActiveCfg = Debug|x64
		{F2F287D4-525C-44B2-AF98-474E7A6101A6}.Debug|x64.Build.0 = Debug|x64
		{F2F287D4-525C-44B2-AF98-474E7A6101A6}.Debug|x86.ActiveCfg = Debug|Win32
		{F2F287D4-525C-44B2-AF98-474E7A6101A6}.Debug|x86.Build.0 = Debug|Win32
		{F2F287D4-525C-44B2-AF98-474E7A6101A6}.Release|x64.ActiveCfg = Release|x64
		{F2F287D4-525C-44B2-AF98-474E7A6101A6}.Release|x64.Build.0 = Release|x64
		{F2F287D4-525C-44B2-AF98-474E7A6101A6}.Release|x86.ActiveCfg = Release|Win32
		{F2F287D4-525C-44B2-AF98-474E7A6101A6}.Release|x86.Build.0 = Release|Win32
	EndGlobalSection
	GlobalSection(SolutionProperties) = preSolution
		HideSolutionNode = FALSE
	EndGlobalSection
EndGlobal
